{
  "name": "@gabriel-cervo/pi-skills",
  "version": "1.0.0",
  "lockfileVersion": 3,
  "requires": true,
  "packages": {
    "": {
      "name": "@gabriel-cervo/pi-skills",
      "version": "1.0.0",
      "bundleDependencies": [
        "@gabriel-cervo/pi-subagents"
      ],
      "license": "MIT",
      "dependencies": {
        "@gabriel-cervo/pi-subagents": "github:Gabriel-Cervo/Pi-Subagents"
      }
    },
    "node_modules/@gabriel-cervo/pi-subagents": {
      "version": "1.0.0",
      "resolved": "git+ssh://git@github.com/Gabriel-Cervo/Pi-Subagents.git#e51e4fd8211abb95c4ab65d29fcca583957c9507",
      "inBundle": true,
      "license": "MIT",
      "engines": {
        "node": ">=22.19.0"
      },
      "peerDependencies": {
        "@earendil-works/pi-ai": "*",
        "@earendil-works/pi-coding-agent": "*",
        "@earendil-works/pi-tui": "*",
        "typebox": "*"
      },
      "peerDependenciesMeta": {
        "@earendil-works/pi-ai": {
          "optional": true
        },
        "@earendil-works/pi-coding-agent": {
          "optional": true
        },
        "@earendil-works/pi-tui": {
          "optional": true
        },
        "typebox": {
          "optional": true
        }
      }
    }
  }
}
